
Microsoft Visual Studio Solution File, Format Version 12.00
# Visual Studio Version 16
VisualStudioVersion = 16.0.30128.74
MinimumVisualStudioVersion = 10.0.40219.1
Project("{FAE04EC0-301F-11D3-BF4B-00C04F79EFBC}") = "Job-Portal.WebAPI", "Job-Portal.WebAPI\Job-Portal.WebAPI.csproj", "{048F825C-4262-4E03-B532-129E95FE6454}"
EndProject
Global
	GlobalSection(SolutionConfigurationPlatforms) = preSolution
		Debug|Any CPU = Debug|Any CPU
		Release|Any CPU = Release|Any CPU
	EndGlobalSection
	GlobalSection(ProjectConfigurationPlatforms) = postSolution
		{048F825C-4262-4E03-B532-129E95FE6454}.Debug|Any CPU.ActiveCfg = Debug|Any CPU
		{048F825C-4262-4E03-B532-129E95FE6454}.Debug|Any CPU.Build.0 = Debug|Any CPU
		{048F825C-4262-4E03-B532-129E95FE6454}.Release|Any CPU.ActiveCfg = Release|Any CPU
		{048F825C-4262-4E03-B532-129E95FE6454}.Release|Any CPU.Build.0 = Release|Any CPU
	EndGlobalSection
	GlobalSection(SolutionProperties) = preSolution
		HideSolutionNode = FALSE
	EndGlobalSection
	GlobalSection(ExtensibilityGlobals) = postSolution
		SolutionGuid = {B74EE9C3-138F-4052-88EA-4356C5D92068}
	EndGlobalSection
EndGlobal
